
Microsoft Visual Studio Solution File, Format Version 12.00
# Visual Studio Version 16
VisualStudioVersion = 16.0.29318.209
MinimumVisualStudioVersion = 10.0.40219.1
Project("{FAE04EC0-301F-11D3-BF4B-00C04F79EFBC}") = "pvt_cSharp_homework_3", "pvt_cSharp_homework_3\pvt_cSharp_homework_3.csproj", "{2535B5DD-D838-4E8A-83EC-F592047A2C4E}"
EndProject
Global
	GlobalSection(SolutionConfigurationPlatforms) = preSolution
		Debug|Any CPU = Debug|Any CPU
		Release|Any CPU = Release|Any CPU
	EndGlobalSection
	GlobalSection(ProjectConfigurationPlatforms) = postSolution
		{2535B5DD-D838-4E8A-83EC-F592047A2C4E}.Debug|Any CPU.ActiveCfg = Debug|Any CPU
		{2535B5DD-D838-4E8A-83EC-F592047A2C4E}.Debug|Any CPU.Build.0 = Debug|Any CPU
		{2535B5DD-D838-4E8A-83EC-F592047A2C4E}.Release|Any CPU.ActiveCfg = Release|Any CPU
		{2535B5DD-D838-4E8A-83EC-F592047A2C4E}.Release|Any CPU.Build.0 = Release|Any CPU
	EndGlobalSection
	GlobalSection(SolutionProperties) = preSolution
		HideSolutionNode = FALSE
	EndGlobalSection
	GlobalSection(ExtensibilityGlobals) = postSolution
		SolutionGuid = {62D8956B-F640-43D3-B83C-521F7322FCBB}
	EndGlobalSection
EndGlobal
